
Microsoft Visual Studio Solution File, Format Version 12.00
# Visual Studio Version 17
VisualStudioVersion = 17.0.31903.59
MinimumVisualStudioVersion = 10.0.40219.1
Project("{FAE04EC0-301F-11D3-BF4B-00C04F79EFBC}") = "RestApi.Contracts", "RestApi.Contracts\RestApi.Contracts.csproj", "{BA5F680C-E38E-4D5C-B549-2C2EC2635E71}"
EndProject
Project("{FAE04EC0-301F-11D3-BF4B-00C04F79EFBC}") = "RestApi", "RestApi\RestApi.csproj", "{B7DC42F7-6686-49F0-B775-DAE25442F229}"
EndProject
Global
	GlobalSection(SolutionConfigurationPlatforms) = preSolution
		Debug|Any CPU = Debug|Any CPU
		Release|Any CPU = Release|Any CPU
	EndGlobalSection
	GlobalSection(SolutionProperties) = preSolution
		HideSolutionNode = FALSE
	EndGlobalSection
	GlobalSection(ProjectConfigurationPlatforms) = postSolution
		{BA5F680C-E38E-4D5C-B549-2C2EC2635E71}.Debug|Any CPU.ActiveCfg = Debug|Any CPU
		{BA5F680C-E38E-4D5C-B549-2C2EC2635E71}.Debug|Any CPU.Build.0 = Debug|Any CPU
		{BA5F680C-E38E-4D5C-B549-2C2EC2635E71}.Release|Any CPU.ActiveCfg = Release|Any CPU
		{BA5F680C-E38E-4D5C-B549-2C2EC2635E71}.Release|Any CPU.Build.0 = Release|Any CPU
		{B7DC42F7-6686-49F0-B775-DAE25442F229}.Debug|Any CPU.ActiveCfg = Debug|Any CPU
		{B7DC42F7-6686-49F0-B775-DAE25442F229}.Debug|Any CPU.Build.0 = Debug|Any CPU
		{B7DC42F7-6686-49F0-B775-DAE25442F229}.Release|Any CPU.ActiveCfg = Release|Any CPU
		{B7DC42F7-6686-49F0-B775-DAE25442F229}.Release|Any CPU.Build.0 = Release|Any CPU
	EndGlobalSection
EndGlobal
